
Microsoft Visual Studio Solution File, Format Version 12.00
# Visual Studio 14
VisualStudioVersion = 14.0.25420.1
MinimumVisualStudioVersion = 10.0.40219.1
Project("{FAE04EC0-301F-11D3-BF4B-00C04F79EFBC}") = "eAdvertisement", "eAdertisement\eAdvertisement.csproj", "{34C45A0A-CC7A-4CCC-9ADD-0373FB90AE25}"
EndProject
Project("{FAE04EC0-301F-11D3-BF4B-00C04F79EFBC}") = "eAdvertisement.Tests", "eAdertisement.Tests\eAdvertisement.Tests.csproj", "{60149364-CC19-4BBA-AA57-A7614B6D694B}"
EndProject
Global
	GlobalSection(SolutionConfigurationPlatforms) = preSolution
		Debug|Any CPU = Debug|Any CPU
		Release|Any CPU = Release|Any CPU
	EndGlobalSection
	GlobalSection(ProjectConfigurationPlatforms) = postSolution
		{34C45A0A-CC7A-4CCC-9ADD-0373FB90AE25}.Debug|Any CPU.ActiveCfg = Debug|Any CPU
		{34C45A0A-CC7A-4CCC-9ADD-0373FB90AE25}.Debug|Any CPU.Build.0 = Debug|Any CPU
		{34C45A0A-CC7A-4CCC-9ADD-0373FB90AE25}.Release|Any CPU.ActiveCfg = Release|Any CPU
		{34C45A0A-CC7A-4CCC-9ADD-0373FB90AE25}.Release|Any CPU.Build.0 = Release|Any CPU
		{60149364-CC19-4BBA-AA57-A7614B6D694B}.Debug|Any CPU.ActiveCfg = Debug|Any CPU
		{60149364-CC19-4BBA-AA57-A7614B6D694B}.Debug|Any CPU.Build.0 = Debug|Any CPU
		{60149364-CC19-4BBA-AA57-A7614B6D694B}.Release|Any CPU.ActiveCfg = Release|Any CPU
		{60149364-CC19-4BBA-AA57-A7614B6D694B}.Release|Any CPU.Build.0 = Release|Any CPU
	EndGlobalSection
	GlobalSection(SolutionProperties) = preSolution
		HideSolutionNode = FALSE
	EndGlobalSection
EndGlobal
